
Microsoft Visual Studio Solution File, Format Version 12.00
# Visual Studio Version 17
VisualStudioVersion = 17.10.35122.118
MinimumVisualStudioVersion = 10.0.40219.1
Project("{2150E333-8FDC-42A3-9474-1A3956D46DE8}") = "src", "src", "{0210579B-6F03-4895-9353-13EE0F51FCF3}"
EndProject
Project("{9A19103F-16F7-4668-BE54-9A1E7A4F7556}") = "Rougamo.APM.Abstractions", "src\Rougamo.APM.Abstractions\Rougamo.APM.Abstractions.csproj", "{B76DD3F4-E2E0-47A1-835F-DDDC3FA7477A}"
EndProject
Project("{9A19103F-16F7-4668-BE54-9A1E7A4F7556}") = "Rougamo.APM.JsonSerialization", "src\Rougamo.APM.JsonSerialization\Rougamo.APM.JsonSerialization.csproj", "{9929F695-FAB3-439B-8D69-228C411940C7}"
EndProject
Project("{2150E333-8FDC-42A3-9474-1A3956D46DE8}") = "SolutionItems", "SolutionItems", "{4D90E40C-E488-4518-8292-5722739FC67B}"
	ProjectSection(SolutionItems) = preProject
		CHANGELOG.md = CHANGELOG.md
		common.props = common.props
		README.md = README.md
		rougamo-apm.png = rougamo-apm.png
	EndProjectSection
EndProject
Global
	GlobalSection(SolutionConfigurationPlatforms) = preSolution
		Debug|Any CPU = Debug|Any CPU
		Release|Any CPU = Release|Any CPU
	EndGlobalSection
	GlobalSection(ProjectConfigurationPlatforms) = postSolution
		{B76DD3F4-E2E0-47A1-835F-DDDC3FA7477A}.Debug|Any CPU.ActiveCfg = Debug|Any CPU
		{B76DD3F4-E2E0-47A1-835F-DDDC3FA7477A}.Debug|Any CPU.Build.0 = Debug|Any CPU
		{B76DD3F4-E2E0-47A1-835F-DDDC3FA7477A}.Release|Any CPU.ActiveCfg = Release|Any CPU
		{B76DD3F4-E2E0-47A1-835F-DDDC3FA7477A}.Release|Any CPU.Build.0 = Release|Any CPU
		{9929F695-FAB3-439B-8D69-228C411940C7}.Debug|Any CPU.ActiveCfg = Debug|Any CPU
		{9929F695-FAB3-439B-8D69-228C411940C7}.Debug|Any CPU.Build.0 = Debug|Any CPU
		{9929F695-FAB3-439B-8D69-228C411940C7}.Release|Any CPU.ActiveCfg = Release|Any CPU
		{9929F695-FAB3-439B-8D69-228C411940C7}.Release|Any CPU.Build.0 = Release|Any CPU
	EndGlobalSection
	GlobalSection(SolutionProperties) = preSolution
		HideSolutionNode = FALSE
	EndGlobalSection
	GlobalSection(NestedProjects) = preSolution
		{B76DD3F4-E2E0-47A1-835F-DDDC3FA7477A} = {0210579B-6F03-4895-9353-13EE0F51FCF3}
		{9929F695-FAB3-439B-8D69-228C411940C7} = {0210579B-6F03-4895-9353-13EE0F51FCF3}
	EndGlobalSection
	GlobalSection(ExtensibilityGlobals) = postSolution
		SolutionGuid = {A68E3AEE-84BF-420D-84B0-9155CFABB28C}
	EndGlobalSection
EndGlobal
